
Microsoft Visual Studio Solution File, Format Version 11.00
# Visual Studio 2010
Project("{F184B08F-C81C-45F6-A57F-5ABD9991F28F}") = "Tabulation", "Tabulation\Tabulation.vbproj", "{28C4659F-921C-4ACC-AB84-64A4B83B372C}"
EndProject
Global
	GlobalSection(SolutionConfigurationPlatforms) = preSolution
		Debug|x86 = Debug|x86
		Release|x86 = Release|x86
	EndGlobalSection
	GlobalSection(ProjectConfigurationPlatforms) = postSolution
		{28C4659F-921C-4ACC-AB84-64A4B83B372C}.Debug|x86.ActiveCfg = Debug|x86
		{28C4659F-921C-4ACC-AB84-64A4B83B372C}.Debug|x86.Build.0 = Debug|x86
		{28C4659F-921C-4ACC-AB84-64A4B83B372C}.Release|x86.ActiveCfg = Release|x86
		{28C4659F-921C-4ACC-AB84-64A4B83B372C}.Release|x86.Build.0 = Release|x86
	EndGlobalSection
	GlobalSection(SolutionProperties) = preSolution
		HideSolutionNode = FALSE
	EndGlobalSection
EndGlobal
